
Microsoft Visual Studio Solution File, Format Version 12.00
# Visual Studio Version 17
VisualStudioVersion = 17.13.35931.197
MinimumVisualStudioVersion = 10.0.40219.1
Project("{FAE04EC0-301F-11D3-BF4B-00C04F79EFBC}") = "CleanArchitecture.API", "CleanArchitecture.API.csproj", "{FC2A4E39-3D0A-4AA6-AFDE-76C74169DB1C}"
EndProject
Project("{FAE04EC0-301F-11D3-BF4B-00C04F79EFBC}") = "CleanArchitecture.Application", "..\CleanArchitecture.Application\CleanArchitecture.Application.csproj", "{687D07C1-7CEF-4A5F-BA9E-1D00437ABDBC}"
EndProject
Project("{FAE04EC0-301F-11D3-BF4B-00C04F79EFBC}") = "CleanArchitecture.Domain", "..\CleanArchitecture.Domain\CleanArchitecture.Domain.csproj", "{C530A20B-37EB-49C2-89D5-0A9B3921FDF1}"
EndProject
Project("{FAE04EC0-301F-11D3-BF4B-00C04F79EFBC}") = "CleanArchitecture.Infrastructure", "..\CleanArchitecture.Infrastructure\CleanArchitecture.Infrastructure.csproj", "{624D7FCD-66A9-452F-862F-4232E7197E74}"
EndProject
Project("{FAE04EC0-301F-11D3-BF4B-00C04F79EFBC}") = "CleanArchitecture.Test", "..\CleanArchitecture.Test\CleanArchitecture.Test.csproj", "{2611281E-0E63-4D10-9807-5FBD90FC219E}"
EndProject
Global
	GlobalSection(SolutionConfigurationPlatforms) = preSolution
		Debug|Any CPU = Debug|Any CPU
		Release|Any CPU = Release|Any CPU
	EndGlobalSection
	GlobalSection(ProjectConfigurationPlatforms) = postSolution
		{FC2A4E39-3D0A-4AA6-AFDE-76C74169DB1C}.Debug|Any CPU.ActiveCfg = Debug|Any CPU
		{FC2A4E39-3D0A-4AA6-AFDE-76C74169DB1C}.Debug|Any CPU.Build.0 = Debug|Any CPU
		{FC2A4E39-3D0A-4AA6-AFDE-76C74169DB1C}.Release|Any CPU.ActiveCfg = Release|Any CPU
		{FC2A4E39-3D0A-4AA6-AFDE-76C74169DB1C}.Release|Any CPU.Build.0 = Release|Any CPU
		{687D07C1-7CEF-4A5F-BA9E-1D00437ABDBC}.Debug|Any CPU.ActiveCfg = Debug|Any CPU
		{687D07C1-7CEF-4A5F-BA9E-1D00437ABDBC}.Debug|Any CPU.Build.0 = Debug|Any CPU
		{687D07C1-7CEF-4A5F-BA9E-1D00437ABDBC}.Release|Any CPU.ActiveCfg = Release|Any CPU
		{687D07C1-7CEF-4A5F-BA9E-1D00437ABDBC}.Release|Any CPU.Build.0 = Release|Any CPU
		{C530A20B-37EB-49C2-89D5-0A9B3921FDF1}.Debug|Any CPU.ActiveCfg = Debug|Any CPU
		{C530A20B-37EB-49C2-89D5-0A9B3921FDF1}.Debug|Any CPU.Build.0 = Debug|Any CPU
		{C530A20B-37EB-49C2-89D5-0A9B3921FDF1}.Release|Any CPU.ActiveCfg = Release|Any CPU
		{C530A20B-37EB-49C2-89D5-0A9B3921FDF1}.Release|Any CPU.Build.0 = Release|Any CPU
		{624D7FCD-66A9-452F-862F-4232E7197E74}.Debug|Any CPU.ActiveCfg = Debug|Any CPU
		{624D7FCD-66A9-452F-862F-4232E7197E74}.Debug|Any CPU.Build.0 = Debug|Any CPU
		{624D7FCD-66A9-452F-862F-4232E7197E74}.Release|Any CPU.ActiveCfg = Release|Any CPU
		{624D7FCD-66A9-452F-862F-4232E7197E74}.Release|Any CPU.Build.0 = Release|Any CPU
		{2611281E-0E63-4D10-9807-5FBD90FC219E}.Debug|Any CPU.ActiveCfg = Debug|Any CPU
		{2611281E-0E63-4D10-9807-5FBD90FC219E}.Debug|Any CPU.Build.0 = Debug|Any CPU
		{2611281E-0E63-4D10-9807-5FBD90FC219E}.Release|Any CPU.ActiveCfg = Release|Any CPU
		{2611281E-0E63-4D10-9807-5FBD90FC219E}.Release|Any CPU.Build.0 = Release|Any CPU
	EndGlobalSection
	GlobalSection(SolutionProperties) = preSolution
		HideSolutionNode = FALSE
	EndGlobalSection
	GlobalSection(ExtensibilityGlobals) = postSolution
		SolutionGuid = {AA85CB18-D9AE-45E6-8017-0BC84BAD68B6}
	EndGlobalSection
EndGlobal
